{
  "name": "changelog",
  "version": "1.0.0",
  "lockfileVersion": 2,
  "requires": true,
  "packages": {
    "": {
      "version": "1.0.0",
      "license": "ISC",
      "dependencies": {
        "json2md": "^1.10.0"
      }
    },
    "node_modules/indento": {
      "version": "1.1.13",
      "resolved": "https://registry.npmjs.org/indento/-/indento-1.1.13.tgz",
      "integrity": "sha512-YZWk3mreBEM7sBPddsiQnW9Z8SGg/gNpFfscJq00HCDS7pxcQWWWMSVKJU7YkTRyDu1Zv2s8zaK8gQWKmCXHlg=="
    },
    "node_modules/json2md": {
      "version": "1.10.0",
      "resolved": "https://registry.npmjs.org/json2md/-/json2md-1.10.0.tgz",
      "integrity": "sha512-Rq7mx1wnLZIKn4vb4hrVUMVxHYNRzMVoG3PwYzx6uRlGGjcgjqIS7J0h553Ri5mbLq8zX61jVP+eL8rGZ68zSA==",
      "dependencies": {
        "indento": "^1.1.7"
      }
    }
  },
  "dependencies": {
    "indento": {
      "version": "1.1.13",
      "resolved": "https://registry.npmjs.org/indento/-/indento-1.1.13.tgz",
      "integrity": "sha512-YZWk3mreBEM7sBPddsiQnW9Z8SGg/gNpFfscJq00HCDS7pxcQWWWMSVKJU7YkTRyDu1Zv2s8zaK8gQWKmCXHlg=="
    },
    "json2md": {
      "version": "1.10.0",
      "resolved": "https://registry.npmjs.org/json2md/-/json2md-1.10.0.tgz",
      "integrity": "sha512-Rq7mx1wnLZIKn4vb4hrVUMVxHYNRzMVoG3PwYzx6uRlGGjcgjqIS7J0h553Ri5mbLq8zX61jVP+eL8rGZ68zSA==",
      "requires": {
        "indento": "^1.1.7"
      }
    }
  }
}
